core:changelogs:
  - content: "---\npackages:\n  \"@samva/better-auth\":\n    type: minor\n  \"@samva/email-sdk\":\n    type: minor\n---\n\n## Target the Samva 0.8 SDK\n\nBoth packages now target `samva@^0.8.0`.\n\n`@samva/email-sdk` reports a `DeliveryUnavailableError` (Samva could not hand the send to delivery)\nas `delivery: \"not_sent\"`, so Email SDK can retry it with the same idempotency key.\n"
    filename: 2026-10-03-align-samva-0.8.md
    v: 0.0.0
core:packages:
  - id: npm:supabase-auth-hook-samva
    updated: false
  - id: npm:react-email-samva
    updated: false
  - id: npm:astro-email-samva
    updated: false
  - id: npm:nextjs-transactional-samva
    updated: false
  - id: npm:hono-cloudflare-workers-samva
    updated: false
  - id: npm:inbound-email-replies-samva
    updated: false
  - id: npm:sveltekit-transactional-samva
    updated: false
  - id: npm:effect-sdk-example
    updated: false
  - id: npm:tanstack-start-transactional-samva
    updated: false
  - id: npm:tsx-template-samva
    updated: false
  - id: npm:better-auth-nextjs-samva
    updated: false
  - id: npm:clerk-webhook-samva
    updated: false
  - changelogIds:
      - 2026-10-03-align-samva-0.8.md
    id: npm:@samva/email-sdk
    updated: true
  - changelogIds:
      - 2026-10-03-align-samva-0.8.md
    id: npm:@samva/better-auth
    updated: true
npm:packages:
  - id: npm:supabase-auth-hook-samva
  - id: npm:react-email-samva
  - id: npm:astro-email-samva
  - id: npm:nextjs-transactional-samva
  - id: npm:hono-cloudflare-workers-samva
  - id: npm:inbound-email-replies-samva
  - id: npm:sveltekit-transactional-samva
  - id: npm:effect-sdk-example
  - id: npm:tanstack-start-transactional-samva
  - id: npm:tsx-template-samva
  - id: npm:better-auth-nextjs-samva
  - id: npm:clerk-webhook-samva
  - id: npm:@samva/email-sdk
  - id: npm:@samva/better-auth
